// !$*UTF8*$!
{
	archiveVersion = 1;
	classes = {
	};
	objectVersion = 51;
	objects = {

/* Begin PBXBuildFile section */
		076388D5CCE542E47194F80D /* Pods_InfinoTests.framework in Frameworks */ = {isa = PBXBuildFile; fileRef = 8FA26A4DC1FB671539BA8199 /* Pods_InfinoTests.framework */; };
		51A395248EFAE53008C9CB86 /* Pods_Infino.framework in Frameworks */ = {isa = PBXBuildFile; fileRef = 449C68544224E6BD4832140B /* Pods_Infino.framework */; };
		EE9256EE22B8A8F2001D4F29 /* AppDelegate.swift in Sources */ = {isa = PBXBuildFile; fileRef = EE9256ED22B8A8F2001D4F29 /* AppDelegate.swift */; };
		EE9256F322B8A8F2001D4F29 /* Main.storyboard in Resources */ = {isa = PBXBuildFile; fileRef = EE9256F122B8A8F2001D4F29 /* Main.storyboard */; };
		EE9256F522B8A913001D4F29 /* Assets.xcassets in Resources */ = {isa = PBXBuildFile; fileRef = EE9256F422B8A913001D4F29 /* Assets.xcassets */; };
		EE9256F822B8A913001D4F29 /* LaunchScreen.storyboard in Resources */ = {isa = PBXBuildFile; fileRef = EE9256F622B8A913001D4F29 /* LaunchScreen.storyboard */; };
		EE92570322B8A916001D4F29 /* InfinoTests.swift in Sources */ = {isa = PBXBuildFile; fileRef = EE92570222B8A916001D4F29 /* InfinoTests.swift */; };
		EE92570F22B8A9D2001D4F29 /* LoginViewController.swift in Sources */ = {isa = PBXBuildFile; fileRef = EE92570E22B8A9D2001D4F29 /* LoginViewController.swift */; };
		EE92571322B8AA48001D4F29 /* WebService.swift in Sources */ = {isa = PBXBuildFile; fileRef = EE92571222B8AA48001D4F29 /* WebService.swift */; };
		EE92571522B8AD45001D4F29 /* URLConstants.swift in Sources */ = {isa = PBXBuildFile; fileRef = EE92571422B8AD45001D4F29 /* URLConstants.swift */; };
		EE92571722B8B0F9001D4F29 /* Login.swift in Sources */ = {isa = PBXBuildFile; fileRef = EE92571622B8B0F9001D4F29 /* Login.swift */; };
		EE92571B22B8EBE5001D4F29 /* HomePageViewController.swift in Sources */ = {isa = PBXBuildFile; fileRef = EE92571A22B8EBE5001D4F29 /* HomePageViewController.swift */; };
/* End PBXBuildFile section */

/* Begin PBXContainerItemProxy section */
		EE9256FF22B8A915001D4F29 /* PBXContainerItemProxy */ = {
			isa = PBXContainerItemProxy;
			containerPortal = EE9256E222B8A8F2001D4F29 /* Project object */;
			proxyType = 1;
			remoteGlobalIDString = EE9256E922B8A8F2001D4F29;
			remoteInfo = Infino;
		};
/* End PBXContainerItemProxy section */

/* Begin PBXFileReference section */
		3D8D48DE0B53E4BBF4CF71AF /* Pods-InfinoTests.release.xcconfig */ = {isa = PBXFileReference; includeInIndex = 1; lastKnownFileType = text.xcconfig; name = "Pods-InfinoTests.release.xcconfig"; path = "Target Support Files/Pods-InfinoTests/Pods-InfinoTests.release.xcconfig"; sourceTree = "<group>"; };
		449C68544224E6BD4832140B /* Pods_Infino.framework */ = {isa = PBXFileReference; explicitFileType = wrapper.framework; includeInIndex = 0; path = Pods_Infino.framework; sourceTree = BUILT_PRODUCTS_DIR; };
		7D0A9221716BD4E027391B75 /* Pods-InfinoTests.debug.xcconfig */ = {isa = PBXFileReference; includeInIndex = 1; lastKnownFileType = text.xcconfig; name = "Pods-InfinoTests.debug.xcconfig"; path = "Target Support Files/Pods-InfinoTests/Pods-InfinoTests.debug.xcconfig"; sourceTree = "<group>"; };
		8FA26A4DC1FB671539BA8199 /* Pods_InfinoTests.framework */ = {isa = PBXFileReference; explicitFileType = wrapper.framework; includeInIndex = 0; path = Pods_InfinoTests.framework; sourceTree = BUILT_PRODUCTS_DIR; };
		9D8B4C525D8FE6757A8DB2C0 /* Pods-Infino.debug.xcconfig */ = {isa = PBXFileReference; includeInIndex = 1; lastKnownFileType = text.xcconfig; name = "Pods-Infino.debug.xcconfig"; path = "Target Support Files/Pods-Infino/Pods-Infino.debug.xcconfig"; sourceTree = "<group>"; };
		DD949651EB64A94850A2EC6B /* Pods-Infino.release.xcconfig */ = {isa = PBXFileReference; includeInIndex = 1; lastKnownFileType = text.xcconfig; name = "Pods-Infino.release.xcconfig"; path = "Target Support Files/Pods-Infino/Pods-Infino.release.xcconfig"; sourceTree = "<group>"; };
		EE9256EA22B8A8F2001D4F29 /* Infino.app */ = {isa = PBXFileReference; explicitFileType = wrapper.application; includeInIndex = 0; path = Infino.app; sourceTree = BUILT_PRODUCTS_DIR; };
		EE9256ED22B8A8F2001D4F29 /* AppDelegate.swift */ = {isa = PBXFileReference; lastKnownFileType = sourcecode.swift; path = AppDelegate.swift; sourceTree = "<group>"; };
		EE9256F222B8A8F2001D4F29 /* Base */ = {isa = PBXFileReference; lastKnownFileType = file.storyboard; name = Base; path = Base.lproj/Main.storyboard; sourceTree = "<group>"; };
		EE9256F422B8A913001D4F29 /* Assets.xcassets */ = {isa = PBXFileReference; lastKnownFileType = folder.assetcatalog; path = Assets.xcassets; sourceTree = "<group>"; };
		EE9256F722B8A913001D4F29 /* Base */ = {isa = PBXFileReference; lastKnownFileType = file.storyboard; name = Base; path = Base.lproj/LaunchScreen.storyboard; sourceTree = "<group>"; };
		EE9256F922B8A913001D4F29 /* Info.plist */ = {isa = PBXFileReference; lastKnownFileType = text.plist.xml; path = Info.plist; sourceTree = "<group>"; };
		EE9256FE22B8A915001D4F29 /* InfinoTests.xctest */ = {isa = PBXFileReference; explicitFileType = wrapper.cfbundle; includeInIndex = 0; path = InfinoTests.xctest; sourceTree = BUILT_PRODUCTS_DIR; };
		EE92570222B8A916001D4F29 /* InfinoTests.swift */ = {isa = PBXFileReference; lastKnownFileType = sourcecode.swift; path = InfinoTests.swift; sourceTree = "<group>"; };
		EE92570422B8A916001D4F29 /* Info.plist */ = {isa = PBXFileReference; lastKnownFileType = text.plist.xml; path = Info.plist; sourceTree = "<group>"; };
		EE92570E22B8A9D2001D4F29 /* LoginViewController.swift */ = {isa = PBXFileReference; lastKnownFileType = sourcecode.swift; path = LoginViewController.swift; sourceTree = "<group>"; };
		EE92571222B8AA48001D4F29 /* WebService.swift */ = {isa = PBXFileReference; lastKnownFileType = sourcecode.swift; path = WebService.swift; sourceTree = "<group>"; };
		EE92571422B8AD45001D4F29 /* URLConstants.swift */ = {isa = PBXFileReference; lastKnownFileType = sourcecode.swift; path = URLConstants.swift; sourceTree = "<group>"; };
		EE92571622B8B0F9001D4F29 /* Login.swift */ = {isa = PBXFileReference; lastKnownFileType = sourcecode.swift; path = Login.swift; sourceTree = "<group>"; };
		EE92571A22B8EBE5001D4F29 /* HomePageViewController.swift */ = {isa = PBXFileReference; fileEncoding = 4; lastKnownFileType = sourcecode.swift; path = HomePageViewController.swift; sourceTree = "<group>"; };
/* End PBXFileReference section */

/* Begin PBXFrameworksBuildPhase section */
		EE9256E722B8A8F2001D4F29 /* Frameworks */ = {
			isa = PBXFrameworksBuildPhase;
			buildActionMask = 2147483647;
			files = (
				51A395248EFAE53008C9CB86 /* Pods_Infino.framework in Frameworks */,
			);
			runOnlyForDeploymentPostprocessing = 0;
		};
		EE9256FB22B8A915001D4F29 /* Frameworks */ = {
			isa = PBXFrameworksBuildPhase;
			buildActionMask = 2147483647;
			files = (
				076388D5CCE542E47194F80D /* Pods_InfinoTests.framework in Frameworks */,
			);
			runOnlyForDeploymentPostprocessing = 0;
		};
/* End PBXFrameworksBuildPhase section */

/* Begin PBXGroup section */
		1ACC5BCB84F5723BCEC25539 /* Pods */ = {
			isa = PBXGroup;
			children = (
				9D8B4C525D8FE6757A8DB2C0 /* Pods-Infino.debug.xcconfig */,
				DD949651EB64A94850A2EC6B /* Pods-Infino.release.xcconfig */,
				7D0A9221716BD4E027391B75 /* Pods-InfinoTests.debug.xcconfig */,
				3D8D48DE0B53E4BBF4CF71AF /* Pods-InfinoTests.release.xcconfig */,
			);
			path = Pods;
			sourceTree = "<group>";
		};
		84EBB630FAD1FA499BACD2D9 /* Frameworks */ = {
			isa = PBXGroup;
			children = (
				449C68544224E6BD4832140B /* Pods_Infino.framework */,
				8FA26A4DC1FB671539BA8199 /* Pods_InfinoTests.framework */,
			);
			name = Frameworks;
			sourceTree = "<group>";
		};
		EE9256E122B8A8F1001D4F29 = {
			isa = PBXGroup;
			children = (
				EE92571122B8AA35001D4F29 /* Services */,
				EE92571022B8AA21001D4F29 /* Model */,
				EE92570D22B8A9B8001D4F29 /* Controllers */,
				EE9256EC22B8A8F2001D4F29 /* Infino */,
				EE92570122B8A915001D4F29 /* InfinoTests */,
				EE9256EB22B8A8F2001D4F29 /* Products */,
				1ACC5BCB84F5723BCEC25539 /* Pods */,
				84EBB630FAD1FA499BACD2D9 /* Frameworks */,
			);
			sourceTree = "<group>";
		};
		EE9256EB22B8A8F2001D4F29 /* Products */ = {
			isa = PBXGroup;
			children = (
				EE9256EA22B8A8F2001D4F29 /* Infino.app */,
				EE9256FE22B8A915001D4F29 /* InfinoTests.xctest */,
			);
			name = Products;
			sourceTree = "<group>";
		};
		EE9256EC22B8A8F2001D4F29 /* Infino */ = {
			isa = PBXGroup;
			children = (
				EE9256ED22B8A8F2001D4F29 /* AppDelegate.swift */,
				EE9256F122B8A8F2001D4F29 /* Main.storyboard */,
				EE9256F422B8A913001D4F29 /* Assets.xcassets */,
				EE9256F622B8A913001D4F29 /* LaunchScreen.storyboard */,
				EE9256F922B8A913001D4F29 /* Info.plist */,
				EE92571422B8AD45001D4F29 /* URLConstants.swift */,
			);
			path = Infino;
			sourceTree = "<group>";
		};
		EE92570122B8A915001D4F29 /* InfinoTests */ = {
			isa = PBXGroup;
			children = (
				EE92570222B8A916001D4F29 /* InfinoTests.swift */,
				EE92570422B8A916001D4F29 /* Info.plist */,
			);
			path = InfinoTests;
			sourceTree = "<group>";
		};
		EE92570D22B8A9B8001D4F29 /* Controllers */ = {
			isa = PBXGroup;
			children = (
				EE92571A22B8EBE5001D4F29 /* HomePageViewController.swift */,
				EE92570E22B8A9D2001D4F29 /* LoginViewController.swift */,
			);
			path = Controllers;
			sourceTree = "<group>";
		};
		EE92571022B8AA21001D4F29 /* Model */ = {
			isa = PBXGroup;
			children = (
				EE92571622B8B0F9001D4F29 /* Login.swift */,
			);
			path = Model;
			sourceTree = "<group>";
		};
		EE92571122B8AA35001D4F29 /* Services */ = {
			isa = PBXGroup;
			children = (
				EE92571222B8AA48001D4F29 /* WebService.swift */,
			);
			path = Services;
			sourceTree = "<group>";
		};
/* End PBXGroup section */

/* Begin PBXNativeTarget section */
		EE9256E922B8A8F2001D4F29 /* Infino */ = {
			isa = PBXNativeTarget;
			buildConfigurationList = EE92570722B8A916001D4F29 /* Build configuration list for PBXNativeTarget "Infino" */;
			buildPhases = (
				8A9FF2AA8B98624E8B6C3926 /* [CP] Check Pods Manifest.lock */,
				EE9256E622B8A8F2001D4F29 /* Sources */,
				EE9256E722B8A8F2001D4F29 /* Frameworks */,
				EE9256E822B8A8F2001D4F29 /* Resources */,
				A8A555146561BA27CD5BEBA6 /* [CP] Embed Pods Frameworks */,
			);
			buildRules = (
			);
			dependencies = (
			);
			name = Infino;
			productName = Infino;
			productReference = EE9256EA22B8A8F2001D4F29 /* Infino.app */;
			productType = "com.apple.product-type.application";
		};
		EE9256FD22B8A915001D4F29 /* InfinoTests */ = {
			isa = PBXNativeTarget;
			buildConfigurationList = EE92570A22B8A916001D4F29 /* Build configuration list for PBXNativeTarget "InfinoTests" */;
			buildPhases = (
				C6AC3BE1D3376D3E8A7F616F /* [CP] Check Pods Manifest.lock */,
				EE9256FA22B8A915001D4F29 /* Sources */,
				EE9256FB22B8A915001D4F29 /* Frameworks */,
				EE9256FC22B8A915001D4F29 /* Resources */,
			);
			buildRules = (
			);
			dependencies = (
				EE92570022B8A915001D4F29 /* PBXTargetDependency */,
			);
			name = InfinoTests;
			productName = InfinoTests;
			productReference = EE9256FE22B8A915001D4F29 /* InfinoTests.xctest */;
			productType = "com.apple.product-type.bundle.unit-test";
		};
/* End PBXNativeTarget section */

/* Begin PBXProject section */
		EE9256E222B8A8F2001D4F29 /* Project object */ = {
			isa = PBXProject;
			attributes = {
				LastSwiftUpdateCheck = 1020;
				LastUpgradeCheck = 1020;
				ORGANIZATIONNAME = "Piyush Vaish";
				TargetAttributes = {
					EE9256E922B8A8F2001D4F29 = {
						CreatedOnToolsVersion = 10.2.1;
					};
					EE9256FD22B8A915001D4F29 = {
						CreatedOnToolsVersion = 10.2.1;
						TestTargetID = EE9256E922B8A8F2001D4F29;
					};
				};
			};
			buildConfigurationList = EE9256E522B8A8F2001D4F29 /* Build configuration list for PBXProject "Infino" */;
			compatibilityVersion = "Xcode 9.3";
			developmentRegion = en;
			hasScannedForEncodings = 0;
			knownRegions = (
				en,
				Base,
			);
			mainGroup = EE9256E122B8A8F1001D4F29;
			productRefGroup = EE9256EB22B8A8F2001D4F29 /* Products */;
			projectDirPath = "";
			projectRoot = "";
			targets = (
				EE9256E922B8A8F2001D4F29 /* Infino */,
				EE9256FD22B8A915001D4F29 /* InfinoTests */,
			);
		};
/* End PBXProject section */

/* Begin PBXResourcesBuildPhase section */
		EE9256E822B8A8F2001D4F29 /* Resources */ = {
			isa = PBXResourcesBuildPhase;
			buildActionMask = 2147483647;
			files = (
				EE9256F822B8A913001D4F29 /* LaunchScreen.storyboard in Resources */,
				EE9256F522B8A913001D4F29 /* Assets.xcassets in Resources */,
				EE9256F322B8A8F2001D4F29 /* Main.storyboard in Resources */,
			);
			runOnlyForDeploymentPostprocessing = 0;
		};
		EE9256FC22B8A915001D4F29 /* Resources */ = {
			isa = PBXResourcesBuildPhase;
			buildActionMask = 2147483647;
			files = (
			);
			runOnlyForDeploymentPostprocessing = 0;
		};
/* End PBXResourcesBuildPhase section */

/* Begin PBXShellScriptBuildPhase section */
		8A9FF2AA8B98624E8B6C3926 /* [CP] Check Pods Manifest.lock */ = {
			isa = PBXShellScriptBuildPhase;
			buildActionMask = 2147483647;
			files = (
			);
			inputFileListPaths = (
			);
			inputPaths = (
				"${PODS_PODFILE_DIR_PATH}/Podfile.lock",
				"${PODS_ROOT}/Manifest.lock",
			);
			name = "[CP] Check Pods Manifest.lock";
			outputFileListPaths = (
			);
			outputPaths = (
				"$(DERIVED_FILE_DIR)/Pods-Infino-checkManifestLockResult.txt",
			);
			runOnlyForDeploymentPostprocessing = 0;
			shellPath = /bin/sh;
			shellScript = "diff \"${PODS_PODFILE_DIR_PATH}/Podfile.lock\" \"${PODS_ROOT}/Manifest.lock\" > /dev/null\nif [ $? != 0 ] ; then\n    # print error to STDERR\n    echo \"error: The sandbox is not in sync with the Podfile.lock. Run 'pod install' or update your CocoaPods installation.\" >&2\n    exit 1\nfi\n# This output is used by Xcode 'outputs' to avoid re-running this script phase.\necho \"SUCCESS\" > \"${SCRIPT_OUTPUT_FILE_0}\"\n";
			showEnvVarsInLog = 0;
		};
		A8A555146561BA27CD5BEBA6 /* [CP] Embed Pods Frameworks */ = {
			isa = PBXShellScriptBuildPhase;
			buildActionMask = 2147483647;
			files = (
			);
			inputFileListPaths = (
				"${PODS_ROOT}/Target Support Files/Pods-Infino/Pods-Infino-frameworks-${CONFIGURATION}-input-files.xcfilelist",
			);
			name = "[CP] Embed Pods Frameworks";
			outputFileListPaths = (
				"${PODS_ROOT}/Target Support Files/Pods-Infino/Pods-Infino-frameworks-${CONFIGURATION}-output-files.xcfilelist",
			);
			runOnlyForDeploymentPostprocessing = 0;
			shellPath = /bin/sh;
			shellScript = "\"${PODS_ROOT}/Target Support Files/Pods-Infino/Pods-Infino-frameworks.sh\"\n";
			showEnvVarsInLog = 0;
		};
		C6AC3BE1D3376D3E8A7F616F /* [CP] Check Pods Manifest.lock */ = {
			isa = PBXShellScriptBuildPhase;
			buildActionMask = 2147483647;
			files = (
			);
			inputFileListPaths = (
			);
			inputPaths = (
				"${PODS_PODFILE_DIR_PATH}/Podfile.lock",
				"${PODS_ROOT}/Manifest.lock",
			);
			name = "[CP] Check Pods Manifest.lock";
			outputFileListPaths = (
			);
			outputPaths = (
				"$(DERIVED_FILE_DIR)/Pods-InfinoTests-checkManifestLockResult.txt",
			);
			runOnlyForDeploymentPostprocessing = 0;
			shellPath = /bin/sh;
			shellScript = "diff \"${PODS_PODFILE_DIR_PATH}/Podfile.lock\" \"${PODS_ROOT}/Manifest.lock\" > /dev/null\nif [ $? != 0 ] ; then\n    # print error to STDERR\n    echo \"error: The sandbox is not in sync with the Podfile.lock. Run 'pod install' or update your CocoaPods installation.\" >&2\n    exit 1\nfi\n# This output is used by Xcode 'outputs' to avoid re-running this script phase.\necho \"SUCCESS\" > \"${SCRIPT_OUTPUT_FILE_0}\"\n";
			showEnvVarsInLog = 0;
		};
/* End PBXShellScriptBuildPhase section */

/* Begin PBXSourcesBuildPhase section */
		EE9256E622B8A8F2001D4F29 /* Sources */ = {
			isa = PBXSourcesBuildPhase;
			buildActionMask = 2147483647;
			files = (
				EE92571322B8AA48001D4F29 /* WebService.swift in Sources */,
				EE92571722B8B0F9001D4F29 /* Login.swift in Sources */,
				EE92571B22B8EBE5001D4F29 /* HomePageViewController.swift in Sources */,
				EE92571522B8AD45001D4F29 /* URLConstants.swift in Sources */,
				EE92570F22B8A9D2001D4F29 /* LoginViewController.swift in Sources */,
				EE9256EE22B8A8F2001D4F29 /* AppDelegate.swift in Sources */,
			);
			runOnlyForDeploymentPostprocessing = 0;
		};
		EE9256FA22B8A915001D4F29 /* Sources */ = {
			isa = PBXSourcesBuildPhase;
			buildActionMask = 2147483647;
			files = (
				EE92570322B8A916001D4F29 /* InfinoTests.swift in Sources */,
			);
			runOnlyForDeploymentPostprocessing = 0;
		};
/* End PBXSourcesBuildPhase section */

/* Begin PBXTargetDependency section */
		EE92570022B8A915001D4F29 /* PBXTargetDependency */ = {
			isa = PBXTargetDependency;
			target = EE9256E922B8A8F2001D4F29 /* Infino */;
			targetProxy = EE9256FF22B8A915001D4F29 /* PBXContainerItemProxy */;
		};
/* End PBXTargetDependency section */

/* Begin PBXVariantGroup section */
		EE9256F122B8A8F2001D4F29 /* Main.storyboard */ = {
			isa = PBXVariantGroup;
			children = (
				EE9256F222B8A8F2001D4F29 /* Base */,
			);
			name = Main.storyboard;
			sourceTree = "<group>";
		};
		EE9256F622B8A913001D4F29 /* LaunchScreen.storyboard */ = {
			isa = PBXVariantGroup;
			children = (
				EE9256F722B8A913001D4F29 /* Base */,
			);
			name = LaunchScreen.storyboard;
			sourceTree = "<group>";
		};
/* End PBXVariantGroup section */

/* Begin XCBuildConfiguration section */
		EE92570522B8A916001D4F29 /* Debug */ = {
			isa = XCBuildConfiguration;
			buildSettings = {
				ALWAYS_SEARCH_USER_PATHS = NO;
				CLANG_ANALYZER_NONNULL = YES;
				CLANG_ANALYZER_NUMBER_OBJECT_CONVERSION = YES_AGGRESSIVE;
				CLANG_CXX_LANGUAGE_STANDARD = "gnu++14";
				CLANG_CXX_LIBRARY = "libc++";
				CLANG_ENABLE_MODULES = YES;
				CLANG_ENABLE_OBJC_ARC = YES;
				CLANG_ENABLE_OBJC_WEAK = YES;
				CLANG_WARN_BLOCK_CAPTURE_AUTORELEASING = YES;
				CLANG_WARN_BOOL_CONVERSION = YES;
				CLANG_WARN_COMMA = YES;
				CLANG_WARN_CONSTANT_CONVERSION = YES;
				CLANG_WARN_DEPRECATED_OBJC_IMPLEMENTATIONS = YES;
				CLANG_WARN_DIRECT_OBJC_ISA_USAGE = YES_ERROR;
				CLANG_WARN_DOCUMENTATION_COMMENTS = YES;
				CLANG_WARN_EMPTY_BODY = YES;
				CLANG_WARN_ENUM_CONVERSION = YES;
				CLANG_WARN_INFINITE_RECURSION = YES;
				CLANG_WARN_INT_CONVERSION = YES;
				CLANG_WARN_NON_LITERAL_NULL_CONVERSION = YES;
				CLANG_WARN_OBJC_IMPLICIT_RETAIN_SELF = YES;
				CLANG_WARN_OBJC_LITERAL_CONVERSION = YES;
				CLANG_WARN_OBJC_ROOT_CLASS = YES_ERROR;
				CLANG_WARN_RANGE_LOOP_ANALYSIS = YES;
				CLANG_WARN_STRICT_PROTOTYPES = YES;
				CLANG_WARN_SUSPICIOUS_MOVE = YES;
				CLANG_WARN_UNGUARDED_AVAILABILITY = YES_AGGRESSIVE;
				CLANG_WARN_UNREACHABLE_CODE = YES;
				CLANG_WARN__DUPLICATE_METHOD_MATCH = YES;
				CODE_SIGN_IDENTITY = "iPhone Developer";
				COPY_PHASE_STRIP = NO;
				DEBUG_INFORMATION_FORMAT = dwarf;
				ENABLE_STRICT_OBJC_MSGSEND = YES;
				ENABLE_TESTABILITY = YES;
				GCC_C_LANGUAGE_STANDARD = gnu11;
				GCC_DYNAMIC_NO_PIC = NO;
				GCC_NO_COMMON_BLOCKS = YES;
				GCC_OPTIMIZATION_LEVEL = 0;
				GCC_PREPROCESSOR_DEFINITIONS = (
					"DEBUG=1",
					"$(inherited)",
				);
				GCC_WARN_64_TO_32_BIT_CONVERSION = YES;
				GCC_WARN_ABOUT_RETURN_TYPE = YES_ERROR;
				GCC_WARN_UNDECLARED_SELECTOR = YES;
				GCC_WARN_UNINITIALIZED_AUTOS = YES_AGGRESSIVE;
				GCC_WARN_UNUSED_FUNCTION = YES;
				GCC_WARN_UNUSED_VARIABLE = YES;
				IPHONEOS_DEPLOYMENT_TARGET = 12.2;
				MTL_ENABLE_DEBUG_INFO = INCLUDE_SOURCE;
				MTL_FAST_MATH = YES;
				ONLY_ACTIVE_ARCH = YES;
				SDKROOT = iphoneos;
				SWIFT_ACTIVE_COMPILATION_CONDITIONS = DEBUG;
				SWIFT_OPTIMIZATION_LEVEL = "-Onone";
			};
			name = Debug;
		};
		EE92570622B8A916001D4F29 /* Release */ = {
			isa = XCBuildConfiguration;
			buildSettings = {
				ALWAYS_SEARCH_USER_PATHS = NO;
				CLANG_ANALYZER_NONNULL = YES;
				CLANG_ANALYZER_NUMBER_OBJECT_CONVERSION = YES_AGGRESSIVE;
				CLANG_CXX_LANGUAGE_STANDARD = "gnu++14";
				CLANG_CXX_LIBRARY = "libc++";
				CLANG_ENABLE_MODULES = YES;
				CLANG_ENABLE_OBJC_ARC = YES;
				CLANG_ENABLE_OBJC_WEAK = YES;
				CLANG_WARN_BLOCK_CAPTURE_AUTORELEASING = YES;
				CLANG_WARN_BOOL_CONVERSION = YES;
				CLANG_WARN_COMMA = YES;
				CLANG_WARN_CONSTANT_CONVERSION = YES;
				CLANG_WARN_DEPRECATED_OBJC_IMPLEMENTATIONS = YES;
				CLANG_WARN_DIRECT_OBJC_ISA_USAGE = YES_ERROR;
				CLANG_WARN_DOCUMENTATION_COMMENTS = YES;
				CLANG_WARN_EMPTY_BODY = YES;
				CLANG_WARN_ENUM_CONVERSION = YES;
				CLANG_WARN_INFINITE_RECURSION = YES;
				CLANG_WARN_INT_CONVERSION = YES;
				CLANG_WARN_NON_LITERAL_NULL_CONVERSION = YES;
				CLANG_WARN_OBJC_IMPLICIT_RETAIN_SELF = YES;
				CLANG_WARN_OBJC_LITERAL_CONVERSION = YES;
				CLANG_WARN_OBJC_ROOT_CLASS = YES_ERROR;
				CLANG_WARN_RANGE_LOOP_ANALYSIS = YES;
				CLANG_WARN_STRICT_PROTOTYPES = YES;
				CLANG_WARN_SUSPICIOUS_MOVE = YES;
				CLANG_WARN_UNGUARDED_AVAILABILITY = YES_AGGRESSIVE;
				CLANG_WARN_UNREACHABLE_CODE = YES;
				CLANG_WARN__DUPLICATE_METHOD_MATCH = YES;
				CODE_SIGN_IDENTITY = "iPhone Developer";
				COPY_PHASE_STRIP = NO;
				DEBUG_INFORMATION_FORMAT = "dwarf-with-dsym";
				ENABLE_NS_ASSERTIONS = NO;
				ENABLE_STRICT_OBJC_MSGSEND = YES;
				GCC_C_LANGUAGE_STANDARD = gnu11;
				GCC_NO_COMMON_BLOCKS = YES;
				GCC_WARN_64_TO_32_BIT_CONVERSION = YES;
				GCC_WARN_ABOUT_RETURN_TYPE = YES_ERROR;
				GCC_WARN_UNDECLARED_SELECTOR = YES;
				GCC_WARN_UNINITIALIZED_AUTOS = YES_AGGRESSIVE;
				GCC_WARN_UNUSED_FUNCTION = YES;
				GCC_WARN_UNUSED_VARIABLE = YES;
				IPHONEOS_DEPLOYMENT_TARGET = 12.2;
				MTL_ENABLE_DEBUG_INFO = NO;
				MTL_FAST_MATH = YES;
				SDKROOT = iphoneos;
				SWIFT_COMPILATION_MODE = wholemodule;
				SWIFT_OPTIMIZATION_LEVEL = "-O";
				VALIDATE_PRODUCT = YES;
			};
			name = Release;
		};
		EE92570822B8A916001D4F29 /* Debug */ = {
			isa = XCBuildConfiguration;
			baseConfigurationReference = 9D8B4C525D8FE6757A8DB2C0 /* Pods-Infino.debug.xcconfig */;
			buildSettings = {
				ASSETCATALOG_COMPILER_APPICON_NAME = AppIcon;
				CODE_SIGN_STYLE = Automatic;
				INFOPLIST_FILE = Infino/Info.plist;
				LD_RUNPATH_SEARCH_PATHS = (
					"$(inherited)",
					"@executable_path/Frameworks",
				);
				PRODUCT_BUNDLE_IDENTIFIER = com.Piyush.Infino.Infino;
				PRODUCT_NAME = "$(TARGET_NAME)";
				SWIFT_VERSION = 5.0;
				TARGETED_DEVICE_FAMILY = "1,2";
			};
			name = Debug;
		};
		EE92570922B8A916001D4F29 /* Release */ = {
			isa = XCBuildConfiguration;
			baseConfigurationReference = DD949651EB64A94850A2EC6B /* Pods-Infino.release.xcconfig */;
			buildSettings = {
				ASSETCATALOG_COMPILER_APPICON_NAME = AppIcon;
				CODE_SIGN_STYLE = Automatic;
				INFOPLIST_FILE = Infino/Info.plist;
				LD_RUNPATH_SEARCH_PATHS = (
					"$(inherited)",
					"@executable_path/Frameworks",
				);
				PRODUCT_BUNDLE_IDENTIFIER = com.Piyush.Infino.Infino;
				PRODUCT_NAME = "$(TARGET_NAME)";
				SWIFT_VERSION = 5.0;
				TARGETED_DEVICE_FAMILY = "1,2";
			};
			name = Release;
		};
		EE92570B22B8A916001D4F29 /* Debug */ = {
			isa = XCBuildConfiguration;
			baseConfigurationReference = 7D0A9221716BD4E027391B75 /* Pods-InfinoTests.debug.xcconfig */;
			buildSettings = {
				ALWAYS_EMBED_SWIFT_STANDARD_LIBRARIES = YES;
				BUNDLE_LOADER = "$(TEST_HOST)";
				CODE_SIGN_STYLE = Automatic;
				INFOPLIST_FILE = InfinoTests/Info.plist;
				LD_RUNPATH_SEARCH_PATHS = (
					"$(inherited)",
					"@executable_path/Frameworks",
					"@loader_path/Frameworks",
				);
				PRODUCT_BUNDLE_IDENTIFIER = com.Piyush.Infino.InfinoTests;
				PRODUCT_NAME = "$(TARGET_NAME)";
				SWIFT_VERSION = 5.0;
				TARGETED_DEVICE_FAMILY = "1,2";
				TEST_HOST = "$(BUILT_PRODUCTS_DIR)/Infino.app/Infino";
			};
			name = Debug;
		};
		EE92570C22B8A916001D4F29 /* Release */ = {
			isa = XCBuildConfiguration;
			baseConfigurationReference = 3D8D48DE0B53E4BBF4CF71AF /* Pods-InfinoTests.release.xcconfig */;
			buildSettings = {
				ALWAYS_EMBED_SWIFT_STANDARD_LIBRARIES = YES;
				BUNDLE_LOADER = "$(TEST_HOST)";
				CODE_SIGN_STYLE = Automatic;
				INFOPLIST_FILE = InfinoTests/Info.plist;
				LD_RUNPATH_SEARCH_PATHS = (
					"$(inherited)",
					"@executable_path/Frameworks",
					"@loader_path/Frameworks",
				);
				PRODUCT_BUNDLE_IDENTIFIER = com.Piyush.Infino.InfinoTests;
				PRODUCT_NAME = "$(TARGET_NAME)";
				SWIFT_VERSION = 5.0;
				TARGETED_DEVICE_FAMILY = "1,2";
				TEST_HOST = "$(BUILT_PRODUCTS_DIR)/Infino.app/Infino";
			};
			name = Release;
		};
/* End XCBuildConfiguration section */

/* Begin XCConfigurationList section */
		EE9256E522B8A8F2001D4F29 /* Build configuration list for PBXProject "Infino" */ = {
			isa = XCConfigurationList;
			buildConfigurations = (
				EE92570522B8A916001D4F29 /* Debug */,
				EE92570622B8A916001D4F29 /* Release */,
			);
			defaultConfigurationIsVisible = 0;
			defaultConfigurationName = Release;
		};
		EE92570722B8A916001D4F29 /* Build configuration list for PBXNativeTarget "Infino" */ = {
			isa = XCConfigurationList;
			buildConfigurations = (
				EE92570822B8A916001D4F29 /* Debug */,
				EE92570922B8A916001D4F29 /* Release */,
			);
			defaultConfigurationIsVisible = 0;
			defaultConfigurationName = Release;
		};
		EE92570A22B8A916001D4F29 /* Build configuration list for PBXNativeTarget "InfinoTests" */ = {
			isa = XCConfigurationList;
			buildConfigurations = (
				EE92570B22B8A916001D4F29 /* Debug */,
				EE92570C22B8A916001D4F29 /* Release */,
			);
			defaultConfigurationIsVisible = 0;
			defaultConfigurationName = Release;
		};
/* End XCConfigurationList section */
	};
	rootObject = EE9256E222B8A8F2001D4F29 /* Project object */;
}
